# This file is automatically @generated by Cargo.
# It is not intended for manual editing.
version = 4

[[package]]
name = "cf-oagw-api"
version = "0.1.0"
dependencies = [
 "cf-oagw-core",
]

[[package]]
name = "cf-oagw-core"
version = "0.1.0"
dependencies = [
 "cf-oagw-sdk",
]

[[package]]
name = "cf-oagw-cp"
version = "0.1.0"
dependencies = [
 "cf-oagw-core",
]

[[package]]
name = "cf-oagw-dp"
version = "0.1.0"
dependencies = [
 "cf-oagw-core",
]

[[package]]
name = "cf-oagw-sdk"
version = "0.1.0"
